{
  "requires": true,
  "lockfileVersion": 1,
  "dependencies": {
    "deepmerge": {
      "version": "4.2.2",
      "resolved": "https://registry.npmjs.org/deepmerge/-/deepmerge-4.2.2.tgz",
      "integrity": "sha512-FJ3UgI4gIl+PHZm53knsuSFpE+nESMr7M4v9QcgB7S63Kj/6WqMiFQJpBBYz1Pt+66bZpP3Q7Lye0Oo9MPKEdg=="
    },
    "jsonschema": {
      "version": "1.2.5",
      "resolved": "https://registry.npmjs.org/jsonschema/-/jsonschema-1.2.5.tgz",
      "integrity": "sha512-kVTF+08x25PQ0CjuVc0gRM9EUPb0Fe9Ln/utFOgcdxEIOHuU7ooBk/UPTd7t1M91pP35m0MU1T8M5P7vP1bRRw=="
    },
    "object-mapper": {
      "version": "6.0.1",
      "resolved": "https://registry.npmjs.org/object-mapper/-/object-mapper-6.0.1.tgz",
      "integrity": "sha512-SIimiG9mDDwpwinhyEsck35xGa/ewBT8dp6+NOXn8ySJFhOWfunMHrUaWN9HUDW91CXiO8u2eWhRS2bj+ZoHAg=="
    }
  }
}
